// !$*UTF8*$!
{
	archiveVersion = 1;
	classes = {
	};
	objectVersion = 46;
	objects = {

/* Begin PBXBuildFile section */
		667321801D4770D5007BE8DE /* main.m in Sources */ = {isa = PBXBuildFile; fileRef = 6673217F1D4770D5007BE8DE /* main.m */; };
		667321831D4770D5007BE8DE /* AppDelegate.m in Sources */ = {isa = PBXBuildFile; fileRef = 667321821D4770D5007BE8DE /* AppDelegate.m */; };
		667321861D4770D5007BE8DE /* ViewController.m in Sources */ = {isa = PBXBuildFile; fileRef = 667321851D4770D5007BE8DE /* ViewController.m */; };
		667321891D4770D5007BE8DE /* Main.storyboard in Resources */ = {isa = PBXBuildFile; fileRef = 667321871D4770D5007BE8DE /* Main.storyboard */; };
		6673218B1D4770D5007BE8DE /* Assets.xcassets in Resources */ = {isa = PBXBuildFile; fileRef = 6673218A1D4770D5007BE8DE /* Assets.xcassets */; };
		6673218E1D4770D5007BE8DE /* LaunchScreen.storyboard in Resources */ = {isa = PBXBuildFile; fileRef = 6673218C1D4770D5007BE8DE /* LaunchScreen.storyboard */; };
		667321991D4770D5007BE8DE /* NetWorkRequest_AFNetWork3_0UITests.m in Sources */ = {isa = PBXBuildFile; fileRef = 667321981D4770D5007BE8DE /* NetWorkRequest_AFNetWork3_0UITests.m */; };
		667321CC1D4770F5007BE8DE /* AFNetAPIClient.m in Sources */ = {isa = PBXBuildFile; fileRef = 667321A61D4770F5007BE8DE /* AFNetAPIClient.m */; };
		667321CD1D4770F5007BE8DE /* AFNetAPIClient.m in Sources */ = {isa = PBXBuildFile; fileRef = 667321A61D4770F5007BE8DE /* AFNetAPIClient.m */; };
		667321CE1D4770F5007BE8DE /* AFHTTPSessionManager.m in Sources */ = {isa = PBXBuildFile; fileRef = 667321A91D4770F5007BE8DE /* AFHTTPSessionManager.m */; };
		667321CF1D4770F5007BE8DE /* AFHTTPSessionManager.m in Sources */ = {isa = PBXBuildFile; fileRef = 667321A91D4770F5007BE8DE /* AFHTTPSessionManager.m */; };
		667321D01D4770F5007BE8DE /* AFNetworkReachabilityManager.m in Sources */ = {isa = PBXBuildFile; fileRef = 667321AC1D4770F5007BE8DE /* AFNetworkReachabilityManager.m */; };
		667321D11D4770F5007BE8DE /* AFNetworkReachabilityManager.m in Sources */ = {isa = PBXBuildFile; fileRef = 667321AC1D4770F5007BE8DE /* AFNetworkReachabilityManager.m */; };
		667321D21D4770F5007BE8DE /* AFSecurityPolicy.m in Sources */ = {isa = PBXBuildFile; fileRef = 667321AE1D4770F5007BE8DE /* AFSecurityPolicy.m */; };
		667321D31D4770F5007BE8DE /* AFSecurityPolicy.m in Sources */ = {isa = PBXBuildFile; fileRef = 667321AE1D4770F5007BE8DE /* AFSecurityPolicy.m */; };
		667321D41D4770F5007BE8DE /* AFURLRequestSerialization.m in Sources */ = {isa = PBXBuildFile; fileRef = 667321B01D4770F5007BE8DE /* AFURLRequestSerialization.m */; };
		667321D51D4770F5007BE8DE /* AFURLRequestSerialization.m in Sources */ = {isa = PBXBuildFile; fileRef = 667321B01D4770F5007BE8DE /* AFURLRequestSerialization.m */; };
		667321D61D4770F5007BE8DE /* AFURLResponseSerialization.m in Sources */ = {isa = PBXBuildFile; fileRef = 667321B21D4770F5007BE8DE /* AFURLResponseSerialization.m */; };
		667321D71D4770F5007BE8DE /* AFURLResponseSerialization.m in Sources */ = {isa = PBXBuildFile; fileRef = 667321B21D4770F5007BE8DE /* AFURLResponseSerialization.m */; };
		667321D81D4770F5007BE8DE /* AFURLSessionManager.m in Sources */ = {isa = PBXBuildFile; fileRef = 667321B41D4770F5007BE8DE /* AFURLSessionManager.m */; };
		667321D91D4770F5007BE8DE /* AFURLSessionManager.m in Sources */ = {isa = PBXBuildFile; fileRef = 667321B41D4770F5007BE8DE /* AFURLSessionManager.m */; };
		667321DA1D4770F5007BE8DE /* PublicParameters.m in Sources */ = {isa = PBXBuildFile; fileRef = 667321B61D4770F5007BE8DE /* PublicParameters.m */; };
		667321DB1D4770F5007BE8DE /* PublicParameters.m in Sources */ = {isa = PBXBuildFile; fileRef = 667321B61D4770F5007BE8DE /* PublicParameters.m */; };
		667321DC1D4770F5007BE8DE /* AFAutoPurgingImageCache.m in Sources */ = {isa = PBXBuildFile; fileRef = 667321B91D4770F5007BE8DE /* AFAutoPurgingImageCache.m */; };
		667321DD1D4770F5007BE8DE /* AFAutoPurgingImageCache.m in Sources */ = {isa = PBXBuildFile; fileRef = 667321B91D4770F5007BE8DE /* AFAutoPurgingImageCache.m */; };
		667321DE1D4770F5007BE8DE /* AFImageDownloader.m in Sources */ = {isa = PBXBuildFile; fileRef = 667321BB1D4770F5007BE8DE /* AFImageDownloader.m */; };
		667321DF1D4770F5007BE8DE /* AFImageDownloader.m in Sources */ = {isa = PBXBuildFile; fileRef = 667321BB1D4770F5007BE8DE /* AFImageDownloader.m */; };
		667321E01D4770F5007BE8DE /* AFNetworkActivityIndicatorManager.m in Sources */ = {isa = PBXBuildFile; fileRef = 667321BD1D4770F5007BE8DE /* AFNetworkActivityIndicatorManager.m */; };
		667321E11D4770F5007BE8DE /* AFNetworkActivityIndicatorManager.m in Sources */ = {isa = PBXBuildFile; fileRef = 667321BD1D4770F5007BE8DE /* AFNetworkActivityIndicatorManager.m */; };
		667321E21D4770F5007BE8DE /* UIActivityIndicatorView+AFNetworking.m in Sources */ = {isa = PBXBuildFile; fileRef = 667321BF1D4770F5007BE8DE /* UIActivityIndicatorView+AFNetworking.m */; };
		667321E31D4770F5007BE8DE /* UIActivityIndicatorView+AFNetworking.m in Sources */ = {isa = PBXBuildFile; fileRef = 667321BF1D4770F5007BE8DE /* UIActivityIndicatorView+AFNetworking.m */; };
		667321E41D4770F5007BE8DE /* UIButton+AFNetworking.m in Sources */ = {isa = PBXBuildFile; fileRef = 667321C11D4770F5007BE8DE /* UIButton+AFNetworking.m */; };
		667321E51D4770F5007BE8DE /* UIButton+AFNetworking.m in Sources */ = {isa = PBXBuildFile; fileRef = 667321C11D4770F5007BE8DE /* UIButton+AFNetworking.m */; };
		667321E61D4770F5007BE8DE /* UIImageView+AFNetworking.m in Sources */ = {isa = PBXBuildFile; fileRef = 667321C41D4770F5007BE8DE /* UIImageView+AFNetworking.m */; };
		667321E71D4770F5007BE8DE /* UIImageView+AFNetworking.m in Sources */ = {isa = PBXBuildFile; fileRef = 667321C41D4770F5007BE8DE /* UIImageView+AFNetworking.m */; };
		667321E81D4770F5007BE8DE /* UIProgressView+AFNetworking.m in Sources */ = {isa = PBXBuildFile; fileRef = 667321C71D4770F5007BE8DE /* UIProgressView+AFNetworking.m */; };
		667321E91D4770F5007BE8DE /* UIProgressView+AFNetworking.m in Sources */ = {isa = PBXBuildFile; fileRef = 667321C71D4770F5007BE8DE /* UIProgressView+AFNetworking.m */; };
		667321EA1D4770F5007BE8DE /* UIRefreshControl+AFNetworking.m in Sources */ = {isa = PBXBuildFile; fileRef = 667321C91D4770F5007BE8DE /* UIRefreshControl+AFNetworking.m */; };
		667321EB1D4770F5007BE8DE /* UIRefreshControl+AFNetworking.m in Sources */ = {isa = PBXBuildFile; fileRef = 667321C91D4770F5007BE8DE /* UIRefreshControl+AFNetworking.m */; };
		667321EC1D4770F5007BE8DE /* UIWebView+AFNetworking.m in Sources */ = {isa = PBXBuildFile; fileRef = 667321CB1D4770F5007BE8DE /* UIWebView+AFNetworking.m */; };
		667321ED1D4770F5007BE8DE /* UIWebView+AFNetworking.m in Sources */ = {isa = PBXBuildFile; fileRef = 667321CB1D4770F5007BE8DE /* UIWebView+AFNetworking.m */; };
		667321F01D477152007BE8DE /* NSObject+Common.m in Sources */ = {isa = PBXBuildFile; fileRef = 667321EF1D477152007BE8DE /* NSObject+Common.m */; };
		667321F11D477152007BE8DE /* NSObject+Common.m in Sources */ = {isa = PBXBuildFile; fileRef = 667321EF1D477152007BE8DE /* NSObject+Common.m */; };
		667321F41D4771B4007BE8DE /* DeviceTool.m in Sources */ = {isa = PBXBuildFile; fileRef = 667321F31D4771B4007BE8DE /* DeviceTool.m */; };
		667321F51D4771B4007BE8DE /* DeviceTool.m in Sources */ = {isa = PBXBuildFile; fileRef = 667321F31D4771B4007BE8DE /* DeviceTool.m */; };
		667321F81D477277007BE8DE /* LFCGzipUtillity.m in Sources */ = {isa = PBXBuildFile; fileRef = 667321F71D477277007BE8DE /* LFCGzipUtillity.m */; };
		667321F91D477277007BE8DE /* LFCGzipUtillity.m in Sources */ = {isa = PBXBuildFile; fileRef = 667321F71D477277007BE8DE /* LFCGzipUtillity.m */; };
		667321FC1D477348007BE8DE /* ReplaceUnicode.m in Sources */ = {isa = PBXBuildFile; fileRef = 667321FB1D477348007BE8DE /* ReplaceUnicode.m */; };
		667321FD1D477348007BE8DE /* ReplaceUnicode.m in Sources */ = {isa = PBXBuildFile; fileRef = 667321FB1D477348007BE8DE /* ReplaceUnicode.m */; };
		667322001D477370007BE8DE /* OkayLogTool.m in Sources */ = {isa = PBXBuildFile; fileRef = 667321FF1D477370007BE8DE /* OkayLogTool.m */; };
		667322011D477370007BE8DE /* OkayLogTool.m in Sources */ = {isa = PBXBuildFile; fileRef = 667321FF1D477370007BE8DE /* OkayLogTool.m */; };
		667322041D4773B2007BE8DE /* DictTool.m in Sources */ = {isa = PBXBuildFile; fileRef = 667322031D4773B2007BE8DE /* DictTool.m */; };
		667322051D4773B2007BE8DE /* DictTool.m in Sources */ = {isa = PBXBuildFile; fileRef = 667322031D4773B2007BE8DE /* DictTool.m */; };
		667322081D477420007BE8DE /* SSKeychain.m in Sources */ = {isa = PBXBuildFile; fileRef = 667322071D477420007BE8DE /* SSKeychain.m */; };
		667322091D477420007BE8DE /* SSKeychain.m in Sources */ = {isa = PBXBuildFile; fileRef = 667322071D477420007BE8DE /* SSKeychain.m */; };
		6673220B1D477518007BE8DE /* CFNetwork.framework in Frameworks */ = {isa = PBXBuildFile; fileRef = 6673220A1D477518007BE8DE /* CFNetwork.framework */; };
		6673220D1D477524007BE8DE /* libresolv.tbd in Frameworks */ = {isa = PBXBuildFile; fileRef = 6673220C1D477524007BE8DE /* libresolv.tbd */; };
		6673220F1D477531007BE8DE /* CoreMedia.framework in Frameworks */ = {isa = PBXBuildFile; fileRef = 6673220E1D477531007BE8DE /* CoreMedia.framework */; };
		667322111D47753D007BE8DE /* AVFoundation.framework in Frameworks */ = {isa = PBXBuildFile; fileRef = 667322101D47753D007BE8DE /* AVFoundation.framework */; };
		667322131D47754A007BE8DE /* libz.1.2.5.tbd in Frameworks */ = {isa = PBXBuildFile; fileRef = 667322121D47754A007BE8DE /* libz.1.2.5.tbd */; };
/* End PBXBuildFile section */

/* Begin PBXContainerItemProxy section */
		667321951D4770D5007BE8DE /* PBXContainerItemProxy */ = {
			isa = PBXContainerItemProxy;
			containerPortal = 667321731D4770D5007BE8DE /* Project object */;
			proxyType = 1;
			remoteGlobalIDString = 6673217A1D4770D5007BE8DE;
			remoteInfo = NetWorkRequest_AFNetWork3.0;
		};
/* End PBXContainerItemProxy section */

/* Begin PBXFileReference section */
		6673217B1D4770D5007BE8DE /* NetWorkRequest_AFNetWork3.0.app */ = {isa = PBXFileReference; explicitFileType = wrapper.application; includeInIndex = 0; path = NetWorkRequest_AFNetWork3.0.app; sourceTree = BUILT_PRODUCTS_DIR; };
		6673217F1D4770D5007BE8DE /* main.m */ = {isa = PBXFileReference; lastKnownFileType = sourcecode.c.objc; path = main.m; sourceTree = "<group>"; };
		667321811D4770D5007BE8DE /* AppDelegate.h */ = {isa = PBXFileReference; lastKnownFileType = sourcecode.c.h; path = AppDelegate.h; sourceTree = "<group>"; };
		667321821D4770D5007BE8DE /* AppDelegate.m */ = {isa = PBXFileReference; lastKnownFileType = sourcecode.c.objc; path = AppDelegate.m; sourceTree = "<group>"; };
		667321841D4770D5007BE8DE /* ViewController.h */ = {isa = PBXFileReference; lastKnownFileType = sourcecode.c.h; path = ViewController.h; sourceTree = "<group>"; };
		667321851D4770D5007BE8DE /* ViewController.m */ = {isa = PBXFileReference; lastKnownFileType = sourcecode.c.objc; path = ViewController.m; sourceTree = "<group>"; };
		667321881D4770D5007BE8DE /* Base */ = {isa = PBXFileReference; lastKnownFileType = file.storyboard; name = Base; path = Base.lproj/Main.storyboard; sourceTree = "<group>"; };
		6673218A1D4770D5007BE8DE /* Assets.xcassets */ = {isa = PBXFileReference; lastKnownFileType = folder.assetcatalog; path = Assets.xcassets; sourceTree = "<group>"; };
		6673218D1D4770D5007BE8DE /* Base */ = {isa = PBXFileReference; lastKnownFileType = file.storyboard; name = Base; path = Base.lproj/LaunchScreen.storyboard; sourceTree = "<group>"; };
		6673218F1D4770D5007BE8DE /* Info.plist */ = {isa = PBXFileReference; lastKnownFileType = text.plist.xml; path = Info.plist; sourceTree = "<group>"; };
		667321941D4770D5007BE8DE /* NetWorkRequest_AFNetWork3.0UITests.xctest */ = {isa = PBXFileReference; explicitFileType = wrapper.cfbundle; includeInIndex = 0; path = NetWorkRequest_AFNetWork3.0UITests.xctest; sourceTree = BUILT_PRODUCTS_DIR; };
		667321981D4770D5007BE8DE /* NetWorkRequest_AFNetWork3_0UITests.m */ = {isa = PBXFileReference; lastKnownFileType = sourcecode.c.objc; path = NetWorkRequest_AFNetWork3_0UITests.m; sourceTree = "<group>"; };
		6673219A1D4770D5007BE8DE /* Info.plist */ = {isa = PBXFileReference; lastKnownFileType = text.plist.xml; path = Info.plist; sourceTree = "<group>"; };
		667321A51D4770F5007BE8DE /* AFNetAPIClient.h */ = {isa = PBXFileReference; fileEncoding = 4; lastKnownFileType = sourcecode.c.h; path = AFNetAPIClient.h; sourceTree = "<group>"; };
		667321A61D4770F5007BE8DE /* AFNetAPIClient.m */ = {isa = PBXFileReference; fileEncoding = 4; lastKnownFileType = sourcecode.c.objc; path = AFNetAPIClient.m; sourceTree = "<group>"; };
		667321A81D4770F5007BE8DE /* AFHTTPSessionManager.h */ = {isa = PBXFileReference; fileEncoding = 4; lastKnownFileType = sourcecode.c.h; path = AFHTTPSessionManager.h; sourceTree = "<group>"; };
		667321A91D4770F5007BE8DE /* AFHTTPSessionManager.m */ = {isa = PBXFileReference; fileEncoding = 4; lastKnownFileType = sourcecode.c.objc; path = AFHTTPSessionManager.m; sourceTree = "<group>"; };
		667321AA1D4770F5007BE8DE /* AFNetworking.h */ = {isa = PBXFileReference; fileEncoding = 4; lastKnownFileType = sourcecode.c.h; path = AFNetworking.h; sourceTree = "<group>"; };
		667321AB1D4770F5007BE8DE /* AFNetworkReachabilityManager.h */ = {isa = PBXFileReference; fileEncoding = 4; lastKnownFileType = sourcecode.c.h; path = AFNetworkReachabilityManager.h; sourceTree = "<group>"; };
		667321AC1D4770F5007BE8DE /* AFNetworkReachabilityManager.m */ = {isa = PBXFileReference; fileEncoding = 4; lastKnownFileType = sourcecode.c.objc; path = AFNetworkReachabilityManager.m; sourceTree = "<group>"; };
		667321AD1D4770F5007BE8DE /* AFSecurityPolicy.h */ = {isa = PBXFileReference; fileEncoding = 4; lastKnownFileType = sourcecode.c.h; path = AFSecurityPolicy.h; sourceTree = "<group>"; };
		667321AE1D4770F5007BE8DE /* AFSecurityPolicy.m */ = {isa = PBXFileReference; fileEncoding = 4; lastKnownFileType = sourcecode.c.objc; path = AFSecurityPolicy.m; sourceTree = "<group>"; };
		667321AF1D4770F5007BE8DE /* AFURLRequestSerialization.h */ = {isa = PBXFileReference; fileEncoding = 4; lastKnownFileType = sourcecode.c.h; path = AFURLRequestSerialization.h; sourceTree = "<group>"; };
		667321B01D4770F5007BE8DE /* AFURLRequestSerialization.m */ = {isa = PBXFileReference; fileEncoding = 4; lastKnownFileType = sourcecode.c.objc; path = AFURLRequestSerialization.m; sourceTree = "<group>"; };
		667321B11D4770F5007BE8DE /* AFURLResponseSerialization.h */ = {isa = PBXFileReference; fileEncoding = 4; lastKnownFileType = sourcecode.c.h; path = AFURLResponseSerialization.h; sourceTree = "<group>"; };
		667321B21D4770F5007BE8DE /* AFURLResponseSerialization.m */ = {isa = PBXFileReference; fileEncoding = 4; lastKnownFileType = sourcecode.c.objc; path = AFURLResponseSerialization.m; sourceTree = "<group>"; };
		667321B31D4770F5007BE8DE /* AFURLSessionManager.h */ = {isa = PBXFileReference; fileEncoding = 4; lastKnownFileType = sourcecode.c.h; path = AFURLSessionManager.h; sourceTree = "<group>"; };
		667321B41D4770F5007BE8DE /* AFURLSessionManager.m */ = {isa = PBXFileReference; fileEncoding = 4; lastKnownFileType = sourcecode.c.objc; path = AFURLSessionManager.m; sourceTree = "<group>"; };
		667321B51D4770F5007BE8DE /* PublicParameters.h */ = {isa = PBXFileReference; fileEncoding = 4; lastKnownFileType = sourcecode.c.h; path = PublicParameters.h; sourceTree = "<group>"; };
		667321B61D4770F5007BE8DE /* PublicParameters.m */ = {isa = PBXFileReference; fileEncoding = 4; lastKnownFileType = sourcecode.c.objc; path = PublicParameters.m; sourceTree = "<group>"; };
		667321B81D4770F5007BE8DE /* AFAutoPurgingImageCache.h */ = {isa = PBXFileReference; fileEncoding = 4; lastKnownFileType = sourcecode.c.h; path = AFAutoPurgingImageCache.h; sourceTree = "<group>"; };
		667321B91D4770F5007BE8DE /* AFAutoPurgingImageCache.m */ = {isa = PBXFileReference; fileEncoding = 4; lastKnownFileType = sourcecode.c.objc; path = AFAutoPurgingImageCache.m; sourceTree = "<group>"; };
		667321BA1D4770F5007BE8DE /* AFImageDownloader.h */ = {isa = PBXFileReference; fileEncoding = 4; lastKnownFileType = sourcecode.c.h; path = AFImageDownloader.h; sourceTree = "<group>"; };
		667321BB1D4770F5007BE8DE /* AFImageDownloader.m */ = {isa = PBXFileReference; fileEncoding = 4; lastKnownFileType = sourcecode.c.objc; path = AFImageDownloader.m; sourceTree = "<group>"; };
		667321BC1D4770F5007BE8DE /* AFNetworkActivityIndicatorManager.h */ = {isa = PBXFileReference; fileEncoding = 4; lastKnownFileType = sourcecode.c.h; path = AFNetworkActivityIndicatorManager.h; sourceTree = "<group>"; };
		667321BD1D4770F5007BE8DE /* AFNetworkActivityIndicatorManager.m */ = {isa = PBXFileReference; fileEncoding = 4; lastKnownFileType = sourcecode.c.objc; path = AFNetworkActivityIndicatorManager.m; sourceTree = "<group>"; };
		667321BE1D4770F5007BE8DE /* UIActivityIndicatorView+AFNetworking.h */ = {isa = PBXFileReference; fileEncoding = 4; lastKnownFileType = sourcecode.c.h; path = "UIActivityIndicatorView+AFNetworking.h"; sourceTree = "<group>"; };
		667321BF1D4770F5007BE8DE /* UIActivityIndicatorView+AFNetworking.m */ = {isa = PBXFileReference; fileEncoding = 4; lastKnownFileType = sourcecode.c.objc; path = "UIActivityIndicatorView+AFNetworking.m"; sourceTree = "<group>"; };
		667321C01D4770F5007BE8DE /* UIButton+AFNetworking.h */ = {isa = PBXFileReference; fileEncoding = 4; lastKnownFileType = sourcecode.c.h; path = "UIButton+AFNetworking.h"; sourceTree = "<group>"; };
		667321C11D4770F5007BE8DE /* UIButton+AFNetworking.m */ = {isa = PBXFileReference; fileEncoding = 4; lastKnownFileType = sourcecode.c.objc; path = "UIButton+AFNetworking.m"; sourceTree = "<group>"; };
		667321C21D4770F5007BE8DE /* UIImage+AFNetworking.h */ = {isa = PBXFileReference; fileEncoding = 4; lastKnownFileType = sourcecode.c.h; path = "UIImage+AFNetworking.h"; sourceTree = "<group>"; };
		667321C31D4770F5007BE8DE /* UIImageView+AFNetworking.h */ = {isa = PBXFileReference; fileEncoding = 4; lastKnownFileType = sourcecode.c.h; path = "UIImageView+AFNetworking.h"; sourceTree = "<group>"; };
		667321C41D4770F5007BE8DE /* UIImageView+AFNetworking.m */ = {isa = PBXFileReference; fileEncoding = 4; lastKnownFileType = sourcecode.c.objc; path = "UIImageView+AFNetworking.m"; sourceTree = "<group>"; };
		667321C51D4770F5007BE8DE /* UIKit+AFNetworking.h */ = {isa = PBXFileReference; fileEncoding = 4; lastKnownFileType = sourcecode.c.h; path = "UIKit+AFNetworking.h"; sourceTree = "<group>"; };
		667321C61D4770F5007BE8DE /* UIProgressView+AFNetworking.h */ = {isa = PBXFileReference; fileEncoding = 4; lastKnownFileType = sourcecode.c.h; path = "UIProgressView+AFNetworking.h"; sourceTree = "<group>"; };
		667321C71D4770F5007BE8DE /* UIProgressView+AFNetworking.m */ = {isa = PBXFileReference; fileEncoding = 4; lastKnownFileType = sourcecode.c.objc; path = "UIProgressView+AFNetworking.m"; sourceTree = "<group>"; };
		667321C81D4770F5007BE8DE /* UIRefreshControl+AFNetworking.h */ = {isa = PBXFileReference; fileEncoding = 4; lastKnownFileType = sourcecode.c.h; path = "UIRefreshControl+AFNetworking.h"; sourceTree = "<group>"; };
		667321C91D4770F5007BE8DE /* UIRefreshControl+AFNetworking.m */ = {isa = PBXFileReference; fileEncoding = 4; lastKnownFileType = sourcecode.c.objc; path = "UIRefreshControl+AFNetworking.m"; sourceTree = "<group>"; };
		667321CA1D4770F5007BE8DE /* UIWebView+AFNetworking.h */ = {isa = PBXFileReference; fileEncoding = 4; lastKnownFileType = sourcecode.c.h; path = "UIWebView+AFNetworking.h"; sourceTree = "<group>"; };
		667321CB1D4770F5007BE8DE /* UIWebView+AFNetworking.m */ = {isa = PBXFileReference; fileEncoding = 4; lastKnownFileType = sourcecode.c.objc; path = "UIWebView+AFNetworking.m"; sourceTree = "<group>"; };
		667321EE1D477152007BE8DE /* NSObject+Common.h */ = {isa = PBXFileReference; fileEncoding = 4; lastKnownFileType = sourcecode.c.h; path = "NSObject+Common.h"; sourceTree = "<group>"; };
		667321EF1D477152007BE8DE /* NSObject+Common.m */ = {isa = PBXFileReference; fileEncoding = 4; lastKnownFileType = sourcecode.c.objc; path = "NSObject+Common.m"; sourceTree = "<group>"; };
		667321F21D4771B4007BE8DE /* DeviceTool.h */ = {isa = PBXFileReference; fileEncoding = 4; lastKnownFileType = sourcecode.c.h; path = DeviceTool.h; sourceTree = "<group>"; };
		667321F31D4771B4007BE8DE /* DeviceTool.m */ = {isa = PBXFileReference; fileEncoding = 4; lastKnownFileType = sourcecode.c.objc; path = DeviceTool.m; sourceTree = "<group>"; };
		667321F61D477277007BE8DE /* LFCGzipUtillity.h */ = {isa = PBXFileReference; fileEncoding = 4; lastKnownFileType = sourcecode.c.h; path = LFCGzipUtillity.h; sourceTree = "<group>"; };
		667321F71D477277007BE8DE /* LFCGzipUtillity.m */ = {isa = PBXFileReference; fileEncoding = 4; lastKnownFileType = sourcecode.c.objc; path = LFCGzipUtillity.m; sourceTree = "<group>"; };
		667321FA1D477348007BE8DE /* ReplaceUnicode.h */ = {isa = PBXFileReference; fileEncoding = 4; lastKnownFileType = sourcecode.c.h; path = ReplaceUnicode.h; sourceTree = "<group>"; };
		667321FB1D477348007BE8DE /* ReplaceUnicode.m */ = {isa = PBXFileReference; fileEncoding = 4; lastKnownFileType = sourcecode.c.objc; path = ReplaceUnicode.m; sourceTree = "<group>"; };
		667321FE1D477370007BE8DE /* OkayLogTool.h */ = {isa = PBXFileReference; fileEncoding = 4; lastKnownFileType = sourcecode.c.h; path = OkayLogTool.h; sourceTree = "<group>"; };
		667321FF1D477370007BE8DE /* OkayLogTool.m */ = {isa = PBXFileReference; fileEncoding = 4; lastKnownFileType = sourcecode.c.objc; path = OkayLogTool.m; sourceTree = "<group>"; };
		667322021D4773B2007BE8DE /* DictTool.h */ = {isa = PBXFileReference; fileEncoding = 4; lastKnownFileType = sourcecode.c.h; path = DictTool.h; sourceTree = "<group>"; };
		667322031D4773B2007BE8DE /* DictTool.m */ = {isa = PBXFileReference; fileEncoding = 4; lastKnownFileType = sourcecode.c.objc; path = DictTool.m; sourceTree = "<group>"; };
		667322061D477420007BE8DE /* SSKeychain.h */ = {isa = PBXFileReference; fileEncoding = 4; lastKnownFileType = sourcecode.c.h; path = SSKeychain.h; sourceTree = "<group>"; };
		667322071D477420007BE8DE /* SSKeychain.m */ = {isa = PBXFileReference; fileEncoding = 4; lastKnownFileType = sourcecode.c.objc; path = SSKeychain.m; sourceTree = "<group>"; };
		6673220A1D477518007BE8DE /* CFNetwork.framework */ = {isa = PBXFileReference; lastKnownFileType = wrapper.framework; name = CFNetwork.framework; path = System/Library/Frameworks/CFNetwork.framework; sourceTree = SDKROOT; };
		6673220C1D477524007BE8DE /* libresolv.tbd */ = {isa = PBXFileReference; lastKnownFileType = "sourcecode.text-based-dylib-definition"; name = libresolv.tbd; path = usr/lib/libresolv.tbd; sourceTree = SDKROOT; };
		6673220E1D477531007BE8DE /* CoreMedia.framework */ = {isa = PBXFileReference; lastKnownFileType = wrapper.framework; name = CoreMedia.framework; path = System/Library/Frameworks/CoreMedia.framework; sourceTree = SDKROOT; };
		667322101D47753D007BE8DE /* AVFoundation.framework */ = {isa = PBXFileReference; lastKnownFileType = wrapper.framework; name = AVFoundation.framework; path = System/Library/Frameworks/AVFoundation.framework; sourceTree = SDKROOT; };
		667322121D47754A007BE8DE /* libz.1.2.5.tbd */ = {isa = PBXFileReference; lastKnownFileType = "sourcecode.text-based-dylib-definition"; name = libz.1.2.5.tbd; path = usr/lib/libz.1.2.5.tbd; sourceTree = SDKROOT; };
/* End PBXFileReference section */

/* Begin PBXFrameworksBuildPhase section */
		667321781D4770D5007BE8DE /* Frameworks */ = {
			isa = PBXFrameworksBuildPhase;
			buildActionMask = 2147483647;
			files = (
				667322131D47754A007BE8DE /* libz.1.2.5.tbd in Frameworks */,
				667322111D47753D007BE8DE /* AVFoundation.framework in Frameworks */,
				6673220F1D477531007BE8DE /* CoreMedia.framework in Frameworks */,
				6673220D1D477524007BE8DE /* libresolv.tbd in Frameworks */,
				6673220B1D477518007BE8DE /* CFNetwork.framework in Frameworks */,
			);
			runOnlyForDeploymentPostprocessing = 0;
		};
		667321911D4770D5007BE8DE /* Frameworks */ = {
			isa = PBXFrameworksBuildPhase;
			buildActionMask = 2147483647;
			files = (
			);
			runOnlyForDeploymentPostprocessing = 0;
		};
/* End PBXFrameworksBuildPhase section */

/* Begin PBXGroup section */
		667321721D4770D5007BE8DE = {
			isa = PBXGroup;
			children = (
				667322121D47754A007BE8DE /* libz.1.2.5.tbd */,
				667322101D47753D007BE8DE /* AVFoundation.framework */,
				6673220E1D477531007BE8DE /* CoreMedia.framework */,
				6673220C1D477524007BE8DE /* libresolv.tbd */,
				6673220A1D477518007BE8DE /* CFNetwork.framework */,
				6673217D1D4770D5007BE8DE /* NetWorkRequest_AFNetWork3.0 */,
				667321971D4770D5007BE8DE /* NetWorkRequest_AFNetWork3.0UITests */,
				6673217C1D4770D5007BE8DE /* Products */,
			);
			sourceTree = "<group>";
		};
		6673217C1D4770D5007BE8DE /* Products */ = {
			isa = PBXGroup;
			children = (
				6673217B1D4770D5007BE8DE /* NetWorkRequest_AFNetWork3.0.app */,
				667321941D4770D5007BE8DE /* NetWorkRequest_AFNetWork3.0UITests.xctest */,
			);
			name = Products;
			sourceTree = "<group>";
		};
		6673217D1D4770D5007BE8DE /* NetWorkRequest_AFNetWork3.0 */ = {
			isa = PBXGroup;
			children = (
				667321A31D4770F5007BE8DE /* Network */,
				667321811D4770D5007BE8DE /* AppDelegate.h */,
				667321821D4770D5007BE8DE /* AppDelegate.m */,
				667321841D4770D5007BE8DE /* ViewController.h */,
				667321851D4770D5007BE8DE /* ViewController.m */,
				667321871D4770D5007BE8DE /* Main.storyboard */,
				6673218A1D4770D5007BE8DE /* Assets.xcassets */,
				6673218C1D4770D5007BE8DE /* LaunchScreen.storyboard */,
				6673218F1D4770D5007BE8DE /* Info.plist */,
				6673217E1D4770D5007BE8DE /* Supporting Files */,
			);
			path = NetWorkRequest_AFNetWork3.0;
			sourceTree = "<group>";
		};
		6673217E1D4770D5007BE8DE /* Supporting Files */ = {
			isa = PBXGroup;
			children = (
				6673217F1D4770D5007BE8DE /* main.m */,
			);
			name = "Supporting Files";
			sourceTree = "<group>";
		};
		667321971D4770D5007BE8DE /* NetWorkRequest_AFNetWork3.0UITests */ = {
			isa = PBXGroup;
			children = (
				667321981D4770D5007BE8DE /* NetWorkRequest_AFNetWork3_0UITests.m */,
				6673219A1D4770D5007BE8DE /* Info.plist */,
			);
			path = NetWorkRequest_AFNetWork3.0UITests;
			sourceTree = "<group>";
		};
		667321A31D4770F5007BE8DE /* Network */ = {
			isa = PBXGroup;
			children = (
				667322061D477420007BE8DE /* SSKeychain.h */,
				667322071D477420007BE8DE /* SSKeychain.m */,
				667322021D4773B2007BE8DE /* DictTool.h */,
				667322031D4773B2007BE8DE /* DictTool.m */,
				667321FE1D477370007BE8DE /* OkayLogTool.h */,
				667321FF1D477370007BE8DE /* OkayLogTool.m */,
				667321FA1D477348007BE8DE /* ReplaceUnicode.h */,
				667321FB1D477348007BE8DE /* ReplaceUnicode.m */,
				667321F61D477277007BE8DE /* LFCGzipUtillity.h */,
				667321F71D477277007BE8DE /* LFCGzipUtillity.m */,
				667321F21D4771B4007BE8DE /* DeviceTool.h */,
				667321F31D4771B4007BE8DE /* DeviceTool.m */,
				667321EE1D477152007BE8DE /* NSObject+Common.h */,
				667321EF1D477152007BE8DE /* NSObject+Common.m */,
				667321A41D4770F5007BE8DE /* AFClient */,
				667321A71D4770F5007BE8DE /* AFNetworking */,
				667321B51D4770F5007BE8DE /* PublicParameters.h */,
				667321B61D4770F5007BE8DE /* PublicParameters.m */,
				667321B71D4770F5007BE8DE /* UIKit+AFNetworking */,
			);
			path = Network;
			sourceTree = "<group>";
		};
		667321A41D4770F5007BE8DE /* AFClient */ = {
			isa = PBXGroup;
			children = (
				667321A51D4770F5007BE8DE /* AFNetAPIClient.h */,
				667321A61D4770F5007BE8DE /* AFNetAPIClient.m */,
			);
			path = AFClient;
			sourceTree = "<group>";
		};
		667321A71D4770F5007BE8DE /* AFNetworking */ = {
			isa = PBXGroup;
			children = (
				667321A81D4770F5007BE8DE /* AFHTTPSessionManager.h */,
				667321A91D4770F5007BE8DE /* AFHTTPSessionManager.m */,
				667321AA1D4770F5007BE8DE /* AFNetworking.h */,
				667321AB1D4770F5007BE8DE /* AFNetworkReachabilityManager.h */,
				667321AC1D4770F5007BE8DE /* AFNetworkReachabilityManager.m */,
				667321AD1D4770F5007BE8DE /* AFSecurityPolicy.h */,
				667321AE1D4770F5007BE8DE /* AFSecurityPolicy.m */,
				667321AF1D4770F5007BE8DE /* AFURLRequestSerialization.h */,
				667321B01D4770F5007BE8DE /* AFURLRequestSerialization.m */,
				667321B11D4770F5007BE8DE /* AFURLResponseSerialization.h */,
				667321B21D4770F5007BE8DE /* AFURLResponseSerialization.m */,
				667321B31D4770F5007BE8DE /* AFURLSessionManager.h */,
				667321B41D4770F5007BE8DE /* AFURLSessionManager.m */,
			);
			path = AFNetworking;
			sourceTree = "<group>";
		};
		667321B71D4770F5007BE8DE /* UIKit+AFNetworking */ = {
			isa = PBXGroup;
			children = (
				667321B81D4770F5007BE8DE /* AFAutoPurgingImageCache.h */,
				667321B91D4770F5007BE8DE /* AFAutoPurgingImageCache.m */,
				667321BA1D4770F5007BE8DE /* AFImageDownloader.h */,
				667321BB1D4770F5007BE8DE /* AFImageDownloader.m */,
				667321BC1D4770F5007BE8DE /* AFNetworkActivityIndicatorManager.h */,
				667321BD1D4770F5007BE8DE /* AFNetworkActivityIndicatorManager.m */,
				667321BE1D4770F5007BE8DE /* UIActivityIndicatorView+AFNetworking.h */,
				667321BF1D4770F5007BE8DE /* UIActivityIndicatorView+AFNetworking.m */,
				667321C01D4770F5007BE8DE /* UIButton+AFNetworking.h */,
				667321C11D4770F5007BE8DE /* UIButton+AFNetworking.m */,
				667321C21D4770F5007BE8DE /* UIImage+AFNetworking.h */,
				667321C31D4770F5007BE8DE /* UIImageView+AFNetworking.h */,
				667321C41D4770F5007BE8DE /* UIImageView+AFNetworking.m */,
				667321C51D4770F5007BE8DE /* UIKit+AFNetworking.h */,
				667321C61D4770F5007BE8DE /* UIProgressView+AFNetworking.h */,
				667321C71D4770F5007BE8DE /* UIProgressView+AFNetworking.m */,
				667321C81D4770F5007BE8DE /* UIRefreshControl+AFNetworking.h */,
				667321C91D4770F5007BE8DE /* UIRefreshControl+AFNetworking.m */,
				667321CA1D4770F5007BE8DE /* UIWebView+AFNetworking.h */,
				667321CB1D4770F5007BE8DE /* UIWebView+AFNetworking.m */,
			);
			path = "UIKit+AFNetworking";
			sourceTree = "<group>";
		};
/* End PBXGroup section */

/* Begin PBXNativeTarget section */
		6673217A1D4770D5007BE8DE /* NetWorkRequest_AFNetWork3.0 */ = {
			isa = PBXNativeTarget;
			buildConfigurationList = 6673219D1D4770D5007BE8DE /* Build configuration list for PBXNativeTarget "NetWorkRequest_AFNetWork3.0" */;
			buildPhases = (
				667321771D4770D5007BE8DE /* Sources */,
				667321781D4770D5007BE8DE /* Frameworks */,
				667321791D4770D5007BE8DE /* Resources */,
			);
			buildRules = (
			);
			dependencies = (
			);
			name = NetWorkRequest_AFNetWork3.0;
			productName = NetWorkRequest_AFNetWork3.0;
			productReference = 6673217B1D4770D5007BE8DE /* NetWorkRequest_AFNetWork3.0.app */;
			productType = "com.apple.product-type.application";
		};
		667321931D4770D5007BE8DE /* NetWorkRequest_AFNetWork3.0UITests */ = {
			isa = PBXNativeTarget;
			buildConfigurationList = 667321A01D4770D5007BE8DE /* Build configuration list for PBXNativeTarget "NetWorkRequest_AFNetWork3.0UITests" */;
			buildPhases = (
				667321901D4770D5007BE8DE /* Sources */,
				667321911D4770D5007BE8DE /* Frameworks */,
				667321921D4770D5007BE8DE /* Resources */,
			);
			buildRules = (
			);
			dependencies = (
				667321961D4770D5007BE8DE /* PBXTargetDependency */,
			);
			name = NetWorkRequest_AFNetWork3.0UITests;
			productName = NetWorkRequest_AFNetWork3.0UITests;
			productReference = 667321941D4770D5007BE8DE /* NetWorkRequest_AFNetWork3.0UITests.xctest */;
			productType = "com.apple.product-type.bundle.ui-testing";
		};
/* End PBXNativeTarget section */

/* Begin PBXProject section */
		667321731D4770D5007BE8DE /* Project object */ = {
			isa = PBXProject;
			attributes = {
				LastUpgradeCheck = 0730;
				ORGANIZATIONNAME = "潘伟杰";
				TargetAttributes = {
					6673217A1D4770D5007BE8DE = {
						CreatedOnToolsVersion = 7.3.1;
					};
					667321931D4770D5007BE8DE = {
						CreatedOnToolsVersion = 7.3.1;
						TestTargetID = 6673217A1D4770D5007BE8DE;
					};
				};
			};
			buildConfigurationList = 667321761D4770D5007BE8DE /* Build configuration list for PBXProject "NetWorkRequest_AFNetWork3.0" */;
			compatibilityVersion = "Xcode 3.2";
			developmentRegion = English;
			hasScannedForEncodings = 0;
			knownRegions = (
				en,
				Base,
			);
			mainGroup = 667321721D4770D5007BE8DE;
			productRefGroup = 6673217C1D4770D5007BE8DE /* Products */;
			projectDirPath = "";
			projectRoot = "";
			targets = (
				6673217A1D4770D5007BE8DE /* NetWorkRequest_AFNetWork3.0 */,
				667321931D4770D5007BE8DE /* NetWorkRequest_AFNetWork3.0UITests */,
			);
		};
/* End PBXProject section */

/* Begin PBXResourcesBuildPhase section */
		667321791D4770D5007BE8DE /* Resources */ = {
			isa = PBXResourcesBuildPhase;
			buildActionMask = 2147483647;
			files = (
				6673218E1D4770D5007BE8DE /* LaunchScreen.storyboard in Resources */,
				6673218B1D4770D5007BE8DE /* Assets.xcassets in Resources */,
				667321891D4770D5007BE8DE /* Main.storyboard in Resources */,
			);
			runOnlyForDeploymentPostprocessing = 0;
		};
		667321921D4770D5007BE8DE /* Resources */ = {
			isa = PBXResourcesBuildPhase;
			buildActionMask = 2147483647;
			files = (
			);
			runOnlyForDeploymentPostprocessing = 0;
		};
/* End PBXResourcesBuildPhase section */

/* Begin PBXSourcesBuildPhase section */
		667321771D4770D5007BE8DE /* Sources */ = {
			isa = PBXSourcesBuildPhase;
			buildActionMask = 2147483647;
			files = (
				667321D21D4770F5007BE8DE /* AFSecurityPolicy.m in Sources */,
				667321F01D477152007BE8DE /* NSObject+Common.m in Sources */,
				667321E61D4770F5007BE8DE /* UIImageView+AFNetworking.m in Sources */,
				667321D61D4770F5007BE8DE /* AFURLResponseSerialization.m in Sources */,
				667321861D4770D5007BE8DE /* ViewController.m in Sources */,
				667321E81D4770F5007BE8DE /* UIProgressView+AFNetworking.m in Sources */,
				667321DE1D4770F5007BE8DE /* AFImageDownloader.m in Sources */,
				667321DC1D4770F5007BE8DE /* AFAutoPurgingImageCache.m in Sources */,
				667321F81D477277007BE8DE /* LFCGzipUtillity.m in Sources */,
				667321DA1D4770F5007BE8DE /* PublicParameters.m in Sources */,
				667321F41D4771B4007BE8DE /* DeviceTool.m in Sources */,
				667322041D4773B2007BE8DE /* DictTool.m in Sources */,
				667321E41D4770F5007BE8DE /* UIButton+AFNetworking.m in Sources */,
				667321E21D4770F5007BE8DE /* UIActivityIndicatorView+AFNetworking.m in Sources */,
				667321831D4770D5007BE8DE /* AppDelegate.m in Sources */,
				667321EA1D4770F5007BE8DE /* UIRefreshControl+AFNetworking.m in Sources */,
				667322001D477370007BE8DE /* OkayLogTool.m in Sources */,
				667321EC1D4770F5007BE8DE /* UIWebView+AFNetworking.m in Sources */,
				667321CE1D4770F5007BE8DE /* AFHTTPSessionManager.m in Sources */,
				667321D81D4770F5007BE8DE /* AFURLSessionManager.m in Sources */,
				667321CC1D4770F5007BE8DE /* AFNetAPIClient.m in Sources */,
				667321D01D4770F5007BE8DE /* AFNetworkReachabilityManager.m in Sources */,
				667321801D4770D5007BE8DE /* main.m in Sources */,
				667322081D477420007BE8DE /* SSKeychain.m in Sources */,
				667321E01D4770F5007BE8DE /* AFNetworkActivityIndicatorManager.m in Sources */,
				667321FC1D477348007BE8DE /* ReplaceUnicode.m in Sources */,
				667321D41D4770F5007BE8DE /* AFURLRequestSerialization.m in Sources */,
			);
			runOnlyForDeploymentPostprocessing = 0;
		};
		667321901D4770D5007BE8DE /* Sources */ = {
			isa = PBXSourcesBuildPhase;
			buildActionMask = 2147483647;
			files = (
				667322011D477370007BE8DE /* OkayLogTool.m in Sources */,
				667321E91D4770F5007BE8DE /* UIProgressView+AFNetworking.m in Sources */,
				667321F11D477152007BE8DE /* NSObject+Common.m in Sources */,
				667321FD1D477348007BE8DE /* ReplaceUnicode.m in Sources */,
				667322091D477420007BE8DE /* SSKeychain.m in Sources */,
				667321DB1D4770F5007BE8DE /* PublicParameters.m in Sources */,
				667321ED1D4770F5007BE8DE /* UIWebView+AFNetworking.m in Sources */,
				667321E71D4770F5007BE8DE /* UIImageView+AFNetworking.m in Sources */,
				667322051D4773B2007BE8DE /* DictTool.m in Sources */,
				667321CF1D4770F5007BE8DE /* AFHTTPSessionManager.m in Sources */,
				667321E51D4770F5007BE8DE /* UIButton+AFNetworking.m in Sources */,
				667321D91D4770F5007BE8DE /* AFURLSessionManager.m in Sources */,
				667321D31D4770F5007BE8DE /* AFSecurityPolicy.m in Sources */,
				667321EB1D4770F5007BE8DE /* UIRefreshControl+AFNetworking.m in Sources */,
				667321CD1D4770F5007BE8DE /* AFNetAPIClient.m in Sources */,
				667321DD1D4770F5007BE8DE /* AFAutoPurgingImageCache.m in Sources */,
				667321D51D4770F5007BE8DE /* AFURLRequestSerialization.m in Sources */,
				667321F91D477277007BE8DE /* LFCGzipUtillity.m in Sources */,
				667321D11D4770F5007BE8DE /* AFNetworkReachabilityManager.m in Sources */,
				667321E11D4770F5007BE8DE /* AFNetworkActivityIndicatorManager.m in Sources */,
				667321D71D4770F5007BE8DE /* AFURLResponseSerialization.m in Sources */,
				667321991D4770D5007BE8DE /* NetWorkRequest_AFNetWork3_0UITests.m in Sources */,
				667321F51D4771B4007BE8DE /* DeviceTool.m in Sources */,
				667321DF1D4770F5007BE8DE /* AFImageDownloader.m in Sources */,
				667321E31D4770F5007BE8DE /* UIActivityIndicatorView+AFNetworking.m in Sources */,
			);
			runOnlyForDeploymentPostprocessing = 0;
		};
/* End PBXSourcesBuildPhase section */

/* Begin PBXTargetDependency section */
		667321961D4770D5007BE8DE /* PBXTargetDependency */ = {
			isa = PBXTargetDependency;
			target = 6673217A1D4770D5007BE8DE /* NetWorkRequest_AFNetWork3.0 */;
			targetProxy = 667321951D4770D5007BE8DE /* PBXContainerItemProxy */;
		};
/* End PBXTargetDependency section */

/* Begin PBXVariantGroup section */
		667321871D4770D5007BE8DE /* Main.storyboard */ = {
			isa = PBXVariantGroup;
			children = (
				667321881D4770D5007BE8DE /* Base */,
			);
			name = Main.storyboard;
			sourceTree = "<group>";
		};
		6673218C1D4770D5007BE8DE /* LaunchScreen.storyboard */ = {
			isa = PBXVariantGroup;
			children = (
				6673218D1D4770D5007BE8DE /* Base */,
			);
			name = LaunchScreen.storyboard;
			sourceTree = "<group>";
		};
/* End PBXVariantGroup section */

/* Begin XCBuildConfiguration section */
		6673219B1D4770D5007BE8DE /* Debug */ = {
			isa = XCBuildConfiguration;
			buildSettings = {
				ALWAYS_SEARCH_USER_PATHS = NO;
				CLANG_ANALYZER_NONNULL = YES;
				CLANG_CXX_LANGUAGE_STANDARD = "gnu++0x";
				CLANG_CXX_LIBRARY = "libc++";
				CLANG_ENABLE_MODULES = YES;
				CLANG_ENABLE_OBJC_ARC = YES;
				CLANG_WARN_BOOL_CONVERSION = YES;
				CLANG_WARN_CONSTANT_CONVERSION = YES;
				CLANG_WARN_DIRECT_OBJC_ISA_USAGE = YES_ERROR;
				CLANG_WARN_EMPTY_BODY = YES;
				CLANG_WARN_ENUM_CONVERSION = YES;
				CLANG_WARN_INT_CONVERSION = YES;
				CLANG_WARN_OBJC_ROOT_CLASS = YES_ERROR;
				CLANG_WARN_UNREACHABLE_CODE = YES;
				CLANG_WARN__DUPLICATE_METHOD_MATCH = YES;
				"CODE_SIGN_IDENTITY[sdk=iphoneos*]" = "iPhone Developer";
				COPY_PHASE_STRIP = NO;
				DEBUG_INFORMATION_FORMAT = dwarf;
				ENABLE_STRICT_OBJC_MSGSEND = YES;
				ENABLE_TESTABILITY = YES;
				GCC_C_LANGUAGE_STANDARD = gnu99;
				GCC_DYNAMIC_NO_PIC = NO;
				GCC_NO_COMMON_BLOCKS = YES;
				GCC_OPTIMIZATION_LEVEL = 0;
				GCC_PREPROCESSOR_DEFINITIONS = (
					"DEBUG=1",
					"$(inherited)",
				);
				GCC_WARN_64_TO_32_BIT_CONVERSION = YES;
				GCC_WARN_ABOUT_RETURN_TYPE = YES_ERROR;
				GCC_WARN_UNDECLARED_SELECTOR = YES;
				GCC_WARN_UNINITIALIZED_AUTOS = YES_AGGRESSIVE;
				GCC_WARN_UNUSED_FUNCTION = YES;
				GCC_WARN_UNUSED_VARIABLE = YES;
				IPHONEOS_DEPLOYMENT_TARGET = 9.3;
				MTL_ENABLE_DEBUG_INFO = YES;
				ONLY_ACTIVE_ARCH = YES;
				SDKROOT = iphoneos;
				TARGETED_DEVICE_FAMILY = "1,2";
			};
			name = Debug;
		};
		6673219C1D4770D5007BE8DE /* Release */ = {
			isa = XCBuildConfiguration;
			buildSettings = {
				ALWAYS_SEARCH_USER_PATHS = NO;
				CLANG_ANALYZER_NONNULL = YES;
				CLANG_CXX_LANGUAGE_STANDARD = "gnu++0x";
				CLANG_CXX_LIBRARY = "libc++";
				CLANG_ENABLE_MODULES = YES;
				CLANG_ENABLE_OBJC_ARC = YES;
				CLANG_WARN_BOOL_CONVERSION = YES;
				CLANG_WARN_CONSTANT_CONVERSION = YES;
				CLANG_WARN_DIRECT_OBJC_ISA_USAGE = YES_ERROR;
				CLANG_WARN_EMPTY_BODY = YES;
				CLANG_WARN_ENUM_CONVERSION = YES;
				CLANG_WARN_INT_CONVERSION = YES;
				CLANG_WARN_OBJC_ROOT_CLASS = YES_ERROR;
				CLANG_WARN_UNREACHABLE_CODE = YES;
				CLANG_WARN__DUPLICATE_METHOD_MATCH = YES;
				"CODE_SIGN_IDENTITY[sdk=iphoneos*]" = "iPhone Developer";
				COPY_PHASE_STRIP = NO;
				DEBUG_INFORMATION_FORMAT = "dwarf-with-dsym";
				ENABLE_NS_ASSERTIONS = NO;
				ENABLE_STRICT_OBJC_MSGSEND = YES;
				GCC_C_LANGUAGE_STANDARD = gnu99;
				GCC_NO_COMMON_BLOCKS = YES;
				GCC_WARN_64_TO_32_BIT_CONVERSION = YES;
				GCC_WARN_ABOUT_RETURN_TYPE = YES_ERROR;
				GCC_WARN_UNDECLARED_SELECTOR = YES;
				GCC_WARN_UNINITIALIZED_AUTOS = YES_AGGRESSIVE;
				GCC_WARN_UNUSED_FUNCTION = YES;
				GCC_WARN_UNUSED_VARIABLE = YES;
				IPHONEOS_DEPLOYMENT_TARGET = 9.3;
				MTL_ENABLE_DEBUG_INFO = NO;
				SDKROOT = iphoneos;
				TARGETED_DEVICE_FAMILY = "1,2";
				VALIDATE_PRODUCT = YES;
			};
			name = Release;
		};
		6673219E1D4770D5007BE8DE /* Debug */ = {
			isa = XCBuildConfiguration;
			buildSettings = {
				ASSETCATALOG_COMPILER_APPICON_NAME = AppIcon;
				INFOPLIST_FILE = NetWorkRequest_AFNetWork3.0/Info.plist;
				LD_RUNPATH_SEARCH_PATHS = "$(inherited) @executable_path/Frameworks";
				PRODUCT_BUNDLE_IDENTIFIER = "baron.com.NetWorkRequest-AFNetWork3-0";
				PRODUCT_NAME = "$(TARGET_NAME)";
			};
			name = Debug;
		};
		6673219F1D4770D5007BE8DE /* Release */ = {
			isa = XCBuildConfiguration;
			buildSettings = {
				ASSETCATALOG_COMPILER_APPICON_NAME = AppIcon;
				INFOPLIST_FILE = NetWorkRequest_AFNetWork3.0/Info.plist;
				LD_RUNPATH_SEARCH_PATHS = "$(inherited) @executable_path/Frameworks";
				PRODUCT_BUNDLE_IDENTIFIER = "baron.com.NetWorkRequest-AFNetWork3-0";
				PRODUCT_NAME = "$(TARGET_NAME)";
			};
			name = Release;
		};
		667321A11D4770D5007BE8DE /* Debug */ = {
			isa = XCBuildConfiguration;
			buildSettings = {
				INFOPLIST_FILE = NetWorkRequest_AFNetWork3.0UITests/Info.plist;
				LD_RUNPATH_SEARCH_PATHS = "$(inherited) @executable_path/Frameworks @loader_path/Frameworks";
				PRODUCT_BUNDLE_IDENTIFIER = "baron.com.NetWorkRequest-AFNetWork3-0UITests";
				PRODUCT_NAME = "$(TARGET_NAME)";
				TEST_TARGET_NAME = NetWorkRequest_AFNetWork3.0;
			};
			name = Debug;
		};
		667321A21D4770D5007BE8DE /* Release */ = {
			isa = XCBuildConfiguration;
			buildSettings = {
				INFOPLIST_FILE = NetWorkRequest_AFNetWork3.0UITests/Info.plist;
				LD_RUNPATH_SEARCH_PATHS = "$(inherited) @executable_path/Frameworks @loader_path/Frameworks";
				PRODUCT_BUNDLE_IDENTIFIER = "baron.com.NetWorkRequest-AFNetWork3-0UITests";
				PRODUCT_NAME = "$(TARGET_NAME)";
				TEST_TARGET_NAME = NetWorkRequest_AFNetWork3.0;
			};
			name = Release;
		};
/* End XCBuildConfiguration section */

/* Begin XCConfigurationList section */
		667321761D4770D5007BE8DE /* Build configuration list for PBXProject "NetWorkRequest_AFNetWork3.0" */ = {
			isa = XCConfigurationList;
			buildConfigurations = (
				6673219B1D4770D5007BE8DE /* Debug */,
				6673219C1D4770D5007BE8DE /* Release */,
			);
			defaultConfigurationIsVisible = 0;
			defaultConfigurationName = Release;
		};
		6673219D1D4770D5007BE8DE /* Build configuration list for PBXNativeTarget "NetWorkRequest_AFNetWork3.0" */ = {
			isa = XCConfigurationList;
			buildConfigurations = (
				6673219E1D4770D5007BE8DE /* Debug */,
				6673219F1D4770D5007BE8DE /* Release */,
			);
			defaultConfigurationIsVisible = 0;
		};
		667321A01D4770D5007BE8DE /* Build configuration list for PBXNativeTarget "NetWorkRequest_AFNetWork3.0UITests" */ = {
			isa = XCConfigurationList;
			buildConfigurations = (
				667321A11D4770D5007BE8DE /* Debug */,
				667321A21D4770D5007BE8DE /* Release */,
			);
			defaultConfigurationIsVisible = 0;
		};
/* End XCConfigurationList section */
	};
	rootObject = 667321731D4770D5007BE8DE /* Project object */;
}
